
Microsoft Visual Studio Solution File, Format Version 12.00
# Visual Studio Version 16
VisualStudioVersion = 16.0.31702.278
MinimumVisualStudioVersion = 10.0.40219.1
Project("{FAE04EC0-301F-11D3-BF4B-00C04F79EFBC}") = "sfia13", "sfia13.csproj", "{BFE7EF92-CC03-4DCD-ADD4-FFC0259C023D}"
EndProject
Global
	GlobalSection(SolutionConfigurationPlatforms) = preSolution
		Debug|Any CPU = Debug|Any CPU
		Release|Any CPU = Release|Any CPU
	EndGlobalSection
	GlobalSection(ProjectConfigurationPlatforms) = postSolution
		{BFE7EF92-CC03-4DCD-ADD4-FFC0259C023D}.Debug|Any CPU.ActiveCfg = Debug|Any CPU
		{BFE7EF92-CC03-4DCD-ADD4-FFC0259C023D}.Debug|Any CPU.Build.0 = Debug|Any CPU
		{BFE7EF92-CC03-4DCD-ADD4-FFC0259C023D}.Release|Any CPU.ActiveCfg = Release|Any CPU
		{BFE7EF92-CC03-4DCD-ADD4-FFC0259C023D}.Release|Any CPU.Build.0 = Release|Any CPU
	EndGlobalSection
	GlobalSection(SolutionProperties) = preSolution
		HideSolutionNode = FALSE
	EndGlobalSection
	GlobalSection(ExtensibilityGlobals) = postSolution
		SolutionGuid = {12E77E11-B11D-4ABB-A809-EFB8DFDA312B}
	EndGlobalSection
EndGlobal
